# THIS IS AN AUTOGENERATED FILE. DO NOT EDIT THIS FILE DIRECTLY.
# yarn lockfile v1


kernelsu@^1.0.6:
  version "1.0.6"
  resolved "https://registry.yarnpkg.com/kernelsu/-/kernelsu-1.0.6.tgz#e2f1a88ad8f7d20823ce0ff2a1e4b093d19b086e"
  integrity sha512-f4/G9rYKJSQG2LGal/PJIDFY4ytbKxg6d6N4YuIDBX92JLve9WJ36Mmkws7H+laO4yd4mpNM+jrzU1lrXDGWAA==
